
Microsoft Visual Studio Solution File, Format Version 12.00
# Visual Studio Version 16
VisualStudioVersion = 16.0.32126.315
MinimumVisualStudioVersion = 10.0.40219.1
Project("{FAE04EC0-301F-11D3-BF4B-00C04F79EFBC}") = "Application", "Application\Application.csproj", "{BDF81D03-BD26-422E-8A3D-6CA82E71418F}"
EndProject
Project("{FAE04EC0-301F-11D3-BF4B-00C04F79EFBC}") = "Entities", "Entities\Entities.csproj", "{C2BF8D7E-09F6-4215-AD50-5388A8258A5B}"
EndProject
Project("{FAE04EC0-301F-11D3-BF4B-00C04F79EFBC}") = "Business", "Business\Business.csproj", "{717AE829-A686-4660-BC2A-34549C803219}"
EndProject
Project("{FAE04EC0-301F-11D3-BF4B-00C04F79EFBC}") = "DataAccess", "DataAccess\DataAccess.csproj", "{42057D59-125F-4D1A-8AEE-B6E5E95CAC6F}"
EndProject
Global
	GlobalSection(SolutionConfigurationPlatforms) = preSolution
		Debug|Any CPU = Debug|Any CPU
		Release|Any CPU = Release|Any CPU
	EndGlobalSection
	GlobalSection(ProjectConfigurationPlatforms) = postSolution
		{BDF81D03-BD26-422E-8A3D-6CA82E71418F}.Debug|Any CPU.ActiveCfg = Debug|Any CPU
		{BDF81D03-BD26-422E-8A3D-6CA82E71418F}.Debug|Any CPU.Build.0 = Debug|Any CPU
		{BDF81D03-BD26-422E-8A3D-6CA82E71418F}.Release|Any CPU.ActiveCfg = Release|Any CPU
		{BDF81D03-BD26-422E-8A3D-6CA82E71418F}.Release|Any CPU.Build.0 = Release|Any CPU
		{C2BF8D7E-09F6-4215-AD50-5388A8258A5B}.Debug|Any CPU.ActiveCfg = Debug|Any CPU
		{C2BF8D7E-09F6-4215-AD50-5388A8258A5B}.Debug|Any CPU.Build.0 = Debug|Any CPU
		{C2BF8D7E-09F6-4215-AD50-5388A8258A5B}.Release|Any CPU.ActiveCfg = Release|Any CPU
		{C2BF8D7E-09F6-4215-AD50-5388A8258A5B}.Release|Any CPU.Build.0 = Release|Any CPU
		{717AE829-A686-4660-BC2A-34549C803219}.Debug|Any CPU.ActiveCfg = Debug|Any CPU
		{717AE829-A686-4660-BC2A-34549C803219}.Debug|Any CPU.Build.0 = Debug|Any CPU
		{717AE829-A686-4660-BC2A-34549C803219}.Release|Any CPU.ActiveCfg = Release|Any CPU
		{717AE829-A686-4660-BC2A-34549C803219}.Release|Any CPU.Build.0 = Release|Any CPU
		{42057D59-125F-4D1A-8AEE-B6E5E95CAC6F}.Debug|Any CPU.ActiveCfg = Debug|Any CPU
		{42057D59-125F-4D1A-8AEE-B6E5E95CAC6F}.Debug|Any CPU.Build.0 = Debug|Any CPU
		{42057D59-125F-4D1A-8AEE-B6E5E95CAC6F}.Release|Any CPU.ActiveCfg = Release|Any CPU
		{42057D59-125F-4D1A-8AEE-B6E5E95CAC6F}.Release|Any CPU.Build.0 = Release|Any CPU
	EndGlobalSection
	GlobalSection(SolutionProperties) = preSolution
		HideSolutionNode = FALSE
	EndGlobalSection
	GlobalSection(ExtensibilityGlobals) = postSolution
		SolutionGuid = {856F8D58-8C8A-4574-BB78-EEBE58A86677}
	EndGlobalSection
EndGlobal
